# This file is automatically @generated by Poetry 2.2.1 and should not be changed by hand.

[[package]]
name = "typeguard"
version = "4.4.4"
description = "Run-time type checker for Python"
optional = false
python-versions = ">=3.9"
groups = ["main"]
files = [
    {file = "typeguard-4.4.4-py3-none-any.whl", hash = "sha256:b5f562281b6bfa1f5492470464730ef001646128b180769880468bd84b68b09e"},
    {file = "typeguard-4.4.4.tar.gz", hash = "sha256:3a7fd2dffb705d4d0efaed4306a704c89b9dee850b688f060a8b1615a79e5f74"},
]

[package.dependencies]
typing_extensions = ">=4.14.0"

[[package]]
name = "typing-extensions"
version = "4.15.0"
description = "Backported and Experimental Type Hints for Python 3.9+"
optional = false
python-versions = ">=3.9"
groups = ["main"]
files = [
    {file = "typing_extensions-4.15.0-py3-none-any.whl", hash = "sha256:f0fa19c6845758ab08074a0cfa8b7aecb71c999ca73d62883bc25cc018c4e548"},
    {file = "typing_extensions-4.15.0.tar.gz", hash = "sha256:0cea48d173cc12fa28ecabc3b837ea3cf6f38c6d1136f85cbaaf598984861466"},
]

[metadata]
lock-version = "2.1"
python-versions = "^3.12"
content-hash = "abce38d3297d9a362f373e29cdfb2304a355d205a4ea4baa823e8850e1f28618"
